// !$*UTF8*$!
{
	archiveVersion = 1;
	classes = {
	};
	objectVersion = 48;
	objects = {

/* Begin PBXBuildFile section */
		2B273C1420B342A00080326D /* AppDelegate.swift in Sources */ = {isa = PBXBuildFile; fileRef = 2B273C1320B342A00080326D /* AppDelegate.swift */; };
		2B273C1620B342A00080326D /* ViewController.swift in Sources */ = {isa = PBXBuildFile; fileRef = 2B273C1520B342A00080326D /* ViewController.swift */; };
		2B273C1920B342A00080326D /* Main.storyboard in Resources */ = {isa = PBXBuildFile; fileRef = 2B273C1720B342A00080326D /* Main.storyboard */; };
		2B273C1B20B342A00080326D /* Assets.xcassets in Resources */ = {isa = PBXBuildFile; fileRef = 2B273C1A20B342A00080326D /* Assets.xcassets */; };
		2B273C1E20B342A00080326D /* LaunchScreen.storyboard in Resources */ = {isa = PBXBuildFile; fileRef = 2B273C1C20B342A00080326D /* LaunchScreen.storyboard */; };
		F028AF48C8300669DDA1220E /* Pods_alsea_test_earthquake.framework in Frameworks */ = {isa = PBXBuildFile; fileRef = FC2BEE4F77D591B54A82D1E4 /* Pods_alsea_test_earthquake.framework */; };
/* End PBXBuildFile section */

/* Begin PBXFileReference section */
		071CC354173C5FC7056C9B19 /* Pods-alsea.test.earthquake.release.xcconfig */ = {isa = PBXFileReference; includeInIndex = 1; lastKnownFileType = text.xcconfig; name = "Pods-alsea.test.earthquake.release.xcconfig"; path = "Pods/Target Support Files/Pods-alsea.test.earthquake/Pods-alsea.test.earthquake.release.xcconfig"; sourceTree = "<group>"; };
		2B273C1020B342A00080326D /* alsea.test.earthquake.app */ = {isa = PBXFileReference; explicitFileType = wrapper.application; includeInIndex = 0; path = alsea.test.earthquake.app; sourceTree = BUILT_PRODUCTS_DIR; };
		2B273C1320B342A00080326D /* AppDelegate.swift */ = {isa = PBXFileReference; lastKnownFileType = sourcecode.swift; path = AppDelegate.swift; sourceTree = "<group>"; };
		2B273C1520B342A00080326D /* ViewController.swift */ = {isa = PBXFileReference; lastKnownFileType = sourcecode.swift; path = ViewController.swift; sourceTree = "<group>"; };
		2B273C1820B342A00080326D /* Base */ = {isa = PBXFileReference; lastKnownFileType = file.storyboard; name = Base; path = Base.lproj/Main.storyboard; sourceTree = "<group>"; };
		2B273C1A20B342A00080326D /* Assets.xcassets */ = {isa = PBXFileReference; lastKnownFileType = folder.assetcatalog; path = Assets.xcassets; sourceTree = "<group>"; };
		2B273C1D20B342A00080326D /* Base */ = {isa = PBXFileReference; lastKnownFileType = file.storyboard; name = Base; path = Base.lproj/LaunchScreen.storyboard; sourceTree = "<group>"; };
		2B273C1F20B342A00080326D /* Info.plist */ = {isa = PBXFileReference; lastKnownFileType = text.plist.xml; path = Info.plist; sourceTree = "<group>"; };
		4BB6B88A36ED7ECCAE596FFA /* Pods-alsea.test.earthquake.debug.xcconfig */ = {isa = PBXFileReference; includeInIndex = 1; lastKnownFileType = text.xcconfig; name = "Pods-alsea.test.earthquake.debug.xcconfig"; path = "Pods/Target Support Files/Pods-alsea.test.earthquake/Pods-alsea.test.earthquake.debug.xcconfig"; sourceTree = "<group>"; };
		FC2BEE4F77D591B54A82D1E4 /* Pods_alsea_test_earthquake.framework */ = {isa = PBXFileReference; explicitFileType = wrapper.framework; includeInIndex = 0; path = Pods_alsea_test_earthquake.framework; sourceTree = BUILT_PRODUCTS_DIR; };
/* End PBXFileReference section */

/* Begin PBXFrameworksBuildPhase section */
		2B273C0D20B342A00080326D /* Frameworks */ = {
			isa = PBXFrameworksBuildPhase;
			buildActionMask = 2147483647;
			files = (
				F028AF48C8300669DDA1220E /* Pods_alsea_test_earthquake.framework in Frameworks */,
			);
			runOnlyForDeploymentPostprocessing = 0;
		};
/* End PBXFrameworksBuildPhase section */

/* Begin PBXGroup section */
		2B273C0720B342A00080326D = {
			isa = PBXGroup;
			children = (
				2B273C1220B342A00080326D /* alsea.test.earthquake */,
				2B273C1120B342A00080326D /* Products */,
				F6C7BDF85BB297ACBA0BCCC4 /* Pods */,
				ACA649802622F4553F330A5C /* Frameworks */,
			);
			sourceTree = "<group>";
		};
		2B273C1120B342A00080326D /* Products */ = {
			isa = PBXGroup;
			children = (
				2B273C1020B342A00080326D /* alsea.test.earthquake.app */,
			);
			name = Products;
			sourceTree = "<group>";
		};
		2B273C1220B342A00080326D /* alsea.test.earthquake */ = {
			isa = PBXGroup;
			children = (
				2B273C1320B342A00080326D /* AppDelegate.swift */,
				2B273C1520B342A00080326D /* ViewController.swift */,
				2B273C1720B342A00080326D /* Main.storyboard */,
				2B273C1A20B342A00080326D /* Assets.xcassets */,
				2B273C1C20B342A00080326D /* LaunchScreen.storyboard */,
				2B273C1F20B342A00080326D /* Info.plist */,
			);
			path = alsea.test.earthquake;
			sourceTree = "<group>";
		};
		ACA649802622F4553F330A5C /* Frameworks */ = {
			isa = PBXGroup;
			children = (
				FC2BEE4F77D591B54A82D1E4 /* Pods_alsea_test_earthquake.framework */,
			);
			name = Frameworks;
			sourceTree = "<group>";
		};
		F6C7BDF85BB297ACBA0BCCC4 /* Pods */ = {
			isa = PBXGroup;
			children = (
				4BB6B88A36ED7ECCAE596FFA /* Pods-alsea.test.earthquake.debug.xcconfig */,
				071CC354173C5FC7056C9B19 /* Pods-alsea.test.earthquake.release.xcconfig */,
			);
			name = Pods;
			sourceTree = "<group>";
		};
/* End PBXGroup section */

/* Begin PBXNativeTarget section */
		2B273C0F20B342A00080326D /* alsea.test.earthquake */ = {
			isa = PBXNativeTarget;
			buildConfigurationList = 2B273C2220B342A00080326D /* Build configuration list for PBXNativeTarget "alsea.test.earthquake" */;
			buildPhases = (
				B52A5EAA6E7622B1E09C7BE8 /* [CP] Check Pods Manifest.lock */,
				2B273C0C20B342A00080326D /* Sources */,
				2B273C0D20B342A00080326D /* Frameworks */,
				2B273C0E20B342A00080326D /* Resources */,
				E8F63261F4387ED6D8426DCA /* [CP] Embed Pods Frameworks */,
			);
			buildRules = (
			);
			dependencies = (
			);
			name = alsea.test.earthquake;
			productName = alsea.test.earthquake;
			productReference = 2B273C1020B342A00080326D /* alsea.test.earthquake.app */;
			productType = "com.apple.product-type.application";
		};
/* End PBXNativeTarget section */

/* Begin PBXProject section */
		2B273C0820B342A00080326D /* Project object */ = {
			isa = PBXProject;
			attributes = {
				LastSwiftUpdateCheck = 0920;
				LastUpgradeCheck = 0920;
				ORGANIZATIONNAME = omar;
				TargetAttributes = {
					2B273C0F20B342A00080326D = {
						CreatedOnToolsVersion = 9.2;
						ProvisioningStyle = Automatic;
					};
				};
			};
			buildConfigurationList = 2B273C0B20B342A00080326D /* Build configuration list for PBXProject "alsea.test.earthquake" */;
			compatibilityVersion = "Xcode 8.0";
			developmentRegion = en;
			hasScannedForEncodings = 0;
			knownRegions = (
				en,
				Base,
			);
			mainGroup = 2B273C0720B342A00080326D;
			productRefGroup = 2B273C1120B342A00080326D /* Products */;
			projectDirPath = "";
			projectRoot = "";
			targets = (
				2B273C0F20B342A00080326D /* alsea.test.earthquake */,
			);
		};
/* End PBXProject section */

/* Begin PBXResourcesBuildPhase section */
		2B273C0E20B342A00080326D /* Resources */ = {
			isa = PBXResourcesBuildPhase;
			buildActionMask = 2147483647;
			files = (
				2B273C1E20B342A00080326D /* LaunchScreen.storyboard in Resources */,
				2B273C1B20B342A00080326D /* Assets.xcassets in Resources */,
				2B273C1920B342A00080326D /* Main.storyboard in Resources */,
			);
			runOnlyForDeploymentPostprocessing = 0;
		};
/* End PBXResourcesBuildPhase section */

/* Begin PBXShellScriptBuildPhase section */
		B52A5EAA6E7622B1E09C7BE8 /* [CP] Check Pods Manifest.lock */ = {
			isa = PBXShellScriptBuildPhase;
			buildActionMask = 2147483647;
			files = (
			);
			inputPaths = (
				"${PODS_PODFILE_DIR_PATH}/Podfile.lock",
				"${PODS_ROOT}/Manifest.lock",
			);
			name = "[CP] Check Pods Manifest.lock";
			outputPaths = (
				"$(DERIVED_FILE_DIR)/Pods-alsea.test.earthquake-checkManifestLockResult.txt",
			);
			runOnlyForDeploymentPostprocessing = 0;
			shellPath = /bin/sh;
			shellScript = "diff \"${PODS_PODFILE_DIR_PATH}/Podfile.lock\" \"${PODS_ROOT}/Manifest.lock\" > /dev/null\nif [ $? != 0 ] ; then\n    # print error to STDERR\n    echo \"error: The sandbox is not in sync with the Podfile.lock. Run 'pod install' or update your CocoaPods installation.\" >&2\n    exit 1\nfi\n# This output is used by Xcode 'outputs' to avoid re-running this script phase.\necho \"SUCCESS\" > \"${SCRIPT_OUTPUT_FILE_0}\"\n";
			showEnvVarsInLog = 0;
		};
		E8F63261F4387ED6D8426DCA /* [CP] Embed Pods Frameworks */ = {
			isa = PBXShellScriptBuildPhase;
			buildActionMask = 2147483647;
			files = (
			);
			inputPaths = (
				"${SRCROOT}/Pods/Target Support Files/Pods-alsea.test.earthquake/Pods-alsea.test.earthquake-frameworks.sh",
				"${BUILT_PRODUCTS_DIR}/Alamofire/Alamofire.framework",
				"${BUILT_PRODUCTS_DIR}/SwiftyJSON/SwiftyJSON.framework",
			);
			name = "[CP] Embed Pods Frameworks";
			outputPaths = (
				"${TARGET_BUILD_DIR}/${FRAMEWORKS_FOLDER_PATH}/Alamofire.framework",
				"${TARGET_BUILD_DIR}/${FRAMEWORKS_FOLDER_PATH}/SwiftyJSON.framework",
			);
			runOnlyForDeploymentPostprocessing = 0;
			shellPath = /bin/sh;
			shellScript = "\"${SRCROOT}/Pods/Target Support Files/Pods-alsea.test.earthquake/Pods-alsea.test.earthquake-frameworks.sh\"\n";
			showEnvVarsInLog = 0;
		};
/* End PBXShellScriptBuildPhase section */

/* Begin PBXSourcesBuildPhase section */
		2B273C0C20B342A00080326D /* Sources */ = {
			isa = PBXSourcesBuildPhase;
			buildActionMask = 2147483647;
			files = (
				2B273C1620B342A00080326D /* ViewController.swift in Sources */,
				2B273C1420B342A00080326D /* AppDelegate.swift in Sources */,
			);
			runOnlyForDeploymentPostprocessing = 0;
		};
/* End PBXSourcesBuildPhase section */

/* Begin PBXVariantGroup section */
		2B273C1720B342A00080326D /* Main.storyboard */ = {
			isa = PBXVariantGroup;
			children = (
				2B273C1820B342A00080326D /* Base */,
			);
			name = Main.storyboard;
			sourceTree = "<group>";
		};
		2B273C1C20B342A00080326D /* LaunchScreen.storyboard */ = {
			isa = PBXVariantGroup;
			children = (
				2B273C1D20B342A00080326D /* Base */,
			);
			name = LaunchScreen.storyboard;
			sourceTree = "<group>";
		};
/* End PBXVariantGroup section */

/* Begin XCBuildConfiguration section */
		2B273C2020B342A00080326D /* Debug */ = {
			isa = XCBuildConfiguration;
			buildSettings = {
				ALWAYS_SEARCH_USER_PATHS = NO;
				CLANG_ANALYZER_NONNULL = YES;
				CLANG_ANALYZER_NUMBER_OBJECT_CONVERSION = YES_AGGRESSIVE;
				CLANG_CXX_LANGUAGE_STANDARD = "gnu++14";
				CLANG_CXX_LIBRARY = "libc++";
				CLANG_ENABLE_MODULES = YES;
				CLANG_ENABLE_OBJC_ARC = YES;
				CLANG_WARN_BLOCK_CAPTURE_AUTORELEASING = YES;
				CLANG_WARN_BOOL_CONVERSION = YES;
				CLANG_WARN_COMMA = YES;
				CLANG_WARN_CONSTANT_CONVERSION = YES;
				CLANG_WARN_DIRECT_OBJC_ISA_USAGE = YES_ERROR;
				CLANG_WARN_DOCUMENTATION_COMMENTS = YES;
				CLANG_WARN_EMPTY_BODY = YES;
				CLANG_WARN_ENUM_CONVERSION = YES;
				CLANG_WARN_INFINITE_RECURSION = YES;
				CLANG_WARN_INT_CONVERSION = YES;
				CLANG_WARN_NON_LITERAL_NULL_CONVERSION = YES;
				CLANG_WARN_OBJC_LITERAL_CONVERSION = YES;
				CLANG_WARN_OBJC_ROOT_CLASS = YES_ERROR;
				CLANG_WARN_RANGE_LOOP_ANALYSIS = YES;
				CLANG_WARN_STRICT_PROTOTYPES = YES;
				CLANG_WARN_SUSPICIOUS_MOVE = YES;
				CLANG_WARN_UNGUARDED_AVAILABILITY = YES_AGGRESSIVE;
				CLANG_WARN_UNREACHABLE_CODE = YES;
				CLANG_WARN__DUPLICATE_METHOD_MATCH = YES;
				CODE_SIGN_IDENTITY = "iPhone Developer";
				COPY_PHASE_STRIP = NO;
				DEBUG_INFORMATION_FORMAT = dwarf;
				ENABLE_STRICT_OBJC_MSGSEND = YES;
				ENABLE_TESTABILITY = YES;
				GCC_C_LANGUAGE_STANDARD = gnu11;
				GCC_DYNAMIC_NO_PIC = NO;
				GCC_NO_COMMON_BLOCKS = YES;
				GCC_OPTIMIZATION_LEVEL = 0;
				GCC_PREPROCESSOR_DEFINITIONS = (
					"DEBUG=1",
					"$(inherited)",
				);
				GCC_WARN_64_TO_32_BIT_CONVERSION = YES;
				GCC_WARN_ABOUT_RETURN_TYPE = YES_ERROR;
				GCC_WARN_UNDECLARED_SELECTOR = YES;
				GCC_WARN_UNINITIALIZED_AUTOS = YES_AGGRESSIVE;
				GCC_WARN_UNUSED_FUNCTION = YES;
				GCC_WARN_UNUSED_VARIABLE = YES;
				IPHONEOS_DEPLOYMENT_TARGET = 11.2;
				MTL_ENABLE_DEBUG_INFO = YES;
				ONLY_ACTIVE_ARCH = YES;
				SDKROOT = iphoneos;
				SWIFT_ACTIVE_COMPILATION_CONDITIONS = DEBUG;
				SWIFT_OPTIMIZATION_LEVEL = "-Onone";
			};
			name = Debug;
		};
		2B273C2120B342A00080326D /* Release */ = {
			isa = XCBuildConfiguration;
			buildSettings = {
				ALWAYS_SEARCH_USER_PATHS = NO;
				CLANG_ANALYZER_NONNULL = YES;
				CLANG_ANALYZER_NUMBER_OBJECT_CONVERSION = YES_AGGRESSIVE;
				CLANG_CXX_LANGUAGE_STANDARD = "gnu++14";
				CLANG_CXX_LIBRARY = "libc++";
				CLANG_ENABLE_MODULES = YES;
				CLANG_ENABLE_OBJC_ARC = YES;
				CLANG_WARN_BLOCK_CAPTURE_AUTORELEASING = YES;
				CLANG_WARN_BOOL_CONVERSION = YES;
				CLANG_WARN_COMMA = YES;
				CLANG_WARN_CONSTANT_CONVERSION = YES;
				CLANG_WARN_DIRECT_OBJC_ISA_USAGE = YES_ERROR;
				CLANG_WARN_DOCUMENTATION_COMMENTS = YES;
				CLANG_WARN_EMPTY_BODY = YES;
				CLANG_WARN_ENUM_CONVERSION = YES;
				CLANG_WARN_INFINITE_RECURSION = YES;
				CLANG_WARN_INT_CONVERSION = YES;
				CLANG_WARN_NON_LITERAL_NULL_CONVERSION = YES;
				CLANG_WARN_OBJC_LITERAL_CONVERSION = YES;
				CLANG_WARN_OBJC_ROOT_CLASS = YES_ERROR;
				CLANG_WARN_RANGE_LOOP_ANALYSIS = YES;
				CLANG_WARN_STRICT_PROTOTYPES = YES;
				CLANG_WARN_SUSPICIOUS_MOVE = YES;
				CLANG_WARN_UNGUARDED_AVAILABILITY = YES_AGGRESSIVE;
				CLANG_WARN_UNREACHABLE_CODE = YES;
				CLANG_WARN__DUPLICATE_METHOD_MATCH = YES;
				CODE_SIGN_IDENTITY = "iPhone Developer";
				COPY_PHASE_STRIP = NO;
				DEBUG_INFORMATION_FORMAT = "dwarf-with-dsym";
				ENABLE_NS_ASSERTIONS = NO;
				ENABLE_STRICT_OBJC_MSGSEND = YES;
				GCC_C_LANGUAGE_STANDARD = gnu11;
				GCC_NO_COMMON_BLOCKS = YES;
				GCC_WARN_64_TO_32_BIT_CONVERSION = YES;
				GCC_WARN_ABOUT_RETURN_TYPE = YES_ERROR;
				GCC_WARN_UNDECLARED_SELECTOR = YES;
				GCC_WARN_UNINITIALIZED_AUTOS = YES_AGGRESSIVE;
				GCC_WARN_UNUSED_FUNCTION = YES;
				GCC_WARN_UNUSED_VARIABLE = YES;
				IPHONEOS_DEPLOYMENT_TARGET = 11.2;
				MTL_ENABLE_DEBUG_INFO = NO;
				SDKROOT = iphoneos;
				SWIFT_OPTIMIZATION_LEVEL = "-Owholemodule";
				VALIDATE_PRODUCT = YES;
			};
			name = Release;
		};
		2B273C2320B342A00080326D /* Debug */ = {
			isa = XCBuildConfiguration;
			baseConfigurationReference = 4BB6B88A36ED7ECCAE596FFA /* Pods-alsea.test.earthquake.debug.xcconfig */;
			buildSettings = {
				ASSETCATALOG_COMPILER_APPICON_NAME = AppIcon;
				CODE_SIGN_STYLE = Automatic;
				INFOPLIST_FILE = alsea.test.earthquake/Info.plist;
				IPHONEOS_DEPLOYMENT_TARGET = 10.0;
				LD_RUNPATH_SEARCH_PATHS = "$(inherited) @executable_path/Frameworks";
				PRODUCT_BUNDLE_IDENTIFIER = "com.o.alsea-test-earthquake";
				PRODUCT_NAME = "$(TARGET_NAME)";
				SWIFT_VERSION = 4.0;
				TARGETED_DEVICE_FAMILY = 1;
			};
			name = Debug;
		};
		2B273C2420B342A00080326D /* Release */ = {
			isa = XCBuildConfiguration;
			baseConfigurationReference = 071CC354173C5FC7056C9B19 /* Pods-alsea.test.earthquake.release.xcconfig */;
			buildSettings = {
				ASSETCATALOG_COMPILER_APPICON_NAME = AppIcon;
				CODE_SIGN_STYLE = Automatic;
				INFOPLIST_FILE = alsea.test.earthquake/Info.plist;
				IPHONEOS_DEPLOYMENT_TARGET = 10.0;
				LD_RUNPATH_SEARCH_PATHS = "$(inherited) @executable_path/Frameworks";
				PRODUCT_BUNDLE_IDENTIFIER = "com.o.alsea-test-earthquake";
				PRODUCT_NAME = "$(TARGET_NAME)";
				SWIFT_VERSION = 4.0;
				TARGETED_DEVICE_FAMILY = 1;
			};
			name = Release;
		};
/* End XCBuildConfiguration section */

/* Begin XCConfigurationList section */
		2B273C0B20B342A00080326D /* Build configuration list for PBXProject "alsea.test.earthquake" */ = {
			isa = XCConfigurationList;
			buildConfigurations = (
				2B273C2020B342A00080326D /* Debug */,
				2B273C2120B342A00080326D /* Release */,
			);
			defaultConfigurationIsVisible = 0;
			defaultConfigurationName = Release;
		};
		2B273C2220B342A00080326D /* Build configuration list for PBXNativeTarget "alsea.test.earthquake" */ = {
			isa = XCConfigurationList;
			buildConfigurations = (
				2B273C2320B342A00080326D /* Debug */,
				2B273C2420B342A00080326D /* Release */,
			);
			defaultConfigurationIsVisible = 0;
			defaultConfigurationName = Release;
		};
/* End XCConfigurationList section */
	};
	rootObject = 2B273C0820B342A00080326D /* Project object */;
}
